# This file is automatically @generated by Poetry 1.8.0 and should not be changed by hand.

[[package]]
name = "arpeggio"
version = "2.0.2"
description = "Packrat parser interpreter"
optional = false
python-versions = "*"
files = [
    {file = "Arpeggio-2.0.2-py2.py3-none-any.whl", hash = "sha256:f7c8ae4f4056a89e020c24c7202ac8df3e2bc84e416746f20b0da35bb1de0250"},
    {file = "Arpeggio-2.0.2.tar.gz", hash = "sha256:c790b2b06e226d2dd468e4fbfb5b7f506cec66416031fde1441cf1de2a0ba700"},
]

[package.extras]
dev = ["mike", "mkdocs", "twine", "wheel"]
test = ["coverage", "coveralls", "flake8", "pytest"]

[[package]]
name = "attrs"
version = "24.2.0"
description = "Classes Without Boilerplate"
optional = false
python-versions = ">=3.7"
files = [
    {file = "attrs-24.2.0-py3-none-any.whl", hash = "sha256:81921eb96de3191c8258c199618104dd27ac608d9366f5e35d011eae1867ede2"},
    {file = "attrs-24.2.0.tar.gz", hash = "sha256:5cfb1b9148b5b086569baec03f20d7b6bf3bcacc9a42bebf87ffaaca362f6346"},
]

[package.extras]
benchmark = ["cloudpickle", "hypothesis", "mypy (>=1.11.1)", "pympler", "pytest (>=4.3.0)", "pytest-codspeed", "pytest-mypy-plugins", "pytest-xdist[psutil]"]
cov = ["cloudpickle", "coverage[toml] (>=5.3)", "hypothesis", "mypy (>=1.11.1)", "pympler", "pytest (>=4.3.0)", "pytest-mypy-plugins", "pytest-xdist[psutil]"]
dev = ["cloudpickle", "hypothesis", "mypy (>=1.11.1)", "pre-commit", "pympler", "pytest (>=4.3.0)", "pytest-mypy-plugins", "pytest-xdist[psutil]"]
docs = ["cogapp", "furo", "myst-parser", "sphinx", "sphinx-notfound-page", "sphinxcontrib-towncrier", "towncrier (<24.7)"]
tests = ["cloudpickle", "hypothesis", "mypy (>=1.11.1)", "pympler", "pytest (>=4.3.0)", "pytest-mypy-plugins", "pytest-xdist[psutil]"]
tests-mypy = ["mypy (>=1.11.1)", "pytest-mypy-plugins"]

[[package]]
name = "debugpy"
version = "1.8.17"
description = "An implementation of the Debug Adapter Protocol for Python"
optional = false
python-versions = ">=3.8"
files = [
    {file = "debugpy-1.8.17-cp310-cp310-macosx_15_0_x86_64.whl", hash = "sha256:c41d2ce8bbaddcc0009cc73f65318eedfa3dbc88a8298081deb05389f1ab5542"},
    {file = "debugpy-1.8.17-cp310-cp310-manylinux_2_34_x86_64.whl", hash = "sha256:1440fd514e1b815edd5861ca394786f90eb24960eb26d6f7200994333b1d79e3"},
    {file = "debugpy-1.8.17-cp310-cp310-win32.whl", hash = "sha256:3a32c0af575749083d7492dc79f6ab69f21b2d2ad4cd977a958a07d5865316e4"},
    {file = "debugpy-1.8.17-cp310-cp310-win_amd64.whl", hash = "sha256:a3aad0537cf4d9c1996434be68c6c9a6d233ac6f76c2a482c7803295b4e4f99a"},
    {file = "debugpy-1.8.17-cp311-cp311-macosx_15_0_universal2.whl", hash = "sha256:d3fce3f0e3de262a3b67e69916d001f3e767661c6e1ee42553009d445d1cd840"},
    {file = "debugpy-1.8.17-cp311-cp311-manylinux_2_34_x86_64.whl", hash = "sha256:c6bdf134457ae0cac6fb68205776be635d31174eeac9541e1d0c062165c6461f"},
    {file = "debugpy-1.8.17-cp311-cp311-win32.whl", hash = "sha256:e79a195f9e059edfe5d8bf6f3749b2599452d3e9380484cd261f6b7cd2c7c4da"},
    {file = "debugpy-1.8.17-cp311-cp311-win_amd64.whl", hash = "sha256:b532282ad4eca958b1b2d7dbcb2b7218e02cb934165859b918e3b6ba7772d3f4"},
    {file = "debugpy-1.8.17-cp312-cp312-macosx_15_0_universal2.whl", hash = "sha256:f14467edef672195c6f6b8e27ce5005313cb5d03c9239059bc7182b60c176e2d"},
    {file = "debugpy-1.8.17-cp312-cp312-manylinux_2_34_x86_64.whl", hash = "sha256:24693179ef9dfa20dca8605905a42b392be56d410c333af82f1c5dff807a64cc"},
    {file = "debugpy-1.8.17-cp312-cp312-win32.whl", hash = "sha256:6a4e9dacf2cbb60d2514ff7b04b4534b0139facbf2abdffe0639ddb6088e59cf"},
    {file = "debugpy-1.8.17-cp312-cp312-win_amd64.whl", hash = "sha256:e8f8f61c518952fb15f74a302e068b48d9c4691768ade433e4adeea961993464"},
    {file = "debugpy-1.8.17-cp313-cp313-macosx_15_0_universal2.whl", hash = "sha256:857c1dd5d70042502aef1c6d1c2801211f3ea7e56f75e9c335f434afb403e464"},
    {file = "debugpy-1.8.17-cp313-cp313-manylinux_2_34_x86_64.whl", hash = "sha256:3bea3b0b12f3946e098cce9b43c3c46e317b567f79570c3f43f0b96d00788088"},
    {file = "debugpy-1.8.17-cp313-cp313-win32.whl", hash = "sha256:e34ee844c2f17b18556b5bbe59e1e2ff4e86a00282d2a46edab73fd7f18f4a83"},
    {file = "debugpy-1.8.17-cp313-cp313-win_amd64.whl", hash = "sha256:6c5cd6f009ad4fca8e33e5238210dc1e5f42db07d4b6ab21ac7ffa904a196420"},
    {file = "debugpy-1.8.17-cp314-cp314-macosx_15_0_universal2.whl", hash = "sha256:045290c010bcd2d82bc97aa2daf6837443cd52f6328592698809b4549babcee1"},
    {file = "debugpy-1.8.17-cp314-cp314-manylinux_2_34_x86_64.whl", hash = "sha256:b69b6bd9dba6a03632534cdf67c760625760a215ae289f7489a452af1031fe1f"},
    {file = "debugpy-1.8.17-cp314-cp314-win32.whl", hash = "sha256:5c59b74aa5630f3a5194467100c3b3d1c77898f9ab27e3f7dc5d40fc2f122670"},
    {file = "debugpy-1.8.17-cp314-cp314-win_amd64.whl", hash = "sha256:893cba7bb0f55161de4365584b025f7064e1f88913551bcd23be3260b231429c"},
    {file = "debugpy-1.8.17-cp38-cp38-macosx_15_0_x86_64.whl", hash = "sha256:8deb4e31cd575c9f9370042876e078ca118117c1b5e1f22c32befcfbb6955f0c"},
    {file = "debugpy-1.8.17-cp38-cp38-manylinux_2_34_x86_64.whl", hash = "sha256:b75868b675949a96ab51abc114c7163f40ff0d8f7d6d5fd63f8932fd38e9c6d7"},
    {file = "debugpy-1.8.17-cp38-cp38-win32.whl", hash = "sha256:17e456da14848d618662354e1dccfd5e5fb75deec3d1d48dc0aa0baacda55860"},
    {file = "debugpy-1.8.17-cp38-cp38-win_amd64.whl", hash = "sha256:e851beb536a427b5df8aa7d0c7835b29a13812f41e46292ff80b2ef77327355a"},
    {file = "debugpy-1.8.17-cp39-cp39-macosx_15_0_x86_64.whl", hash = "sha256:f2ac8055a0c4a09b30b931100996ba49ef334c6947e7ae365cdd870416d7513e"},
    {file = "debugpy-1.8.17-cp39-cp39-manylinux_2_34_x86_64.whl", hash = "sha256:eaa85bce251feca8e4c87ce3b954aba84b8c645b90f0e6a515c00394a9f5c0e7"},
    {file = "debugpy-1.8.17-cp39-cp39-win32.whl", hash = "sha256:b13eea5587e44f27f6c48588b5ad56dcb74a4f3a5f89250443c94587f3eb2ea1"},
    {file = "debugpy-1.8.17-cp39-cp39-win_amd64.whl", hash = "sha256:bb1bbf92317e1f35afcf3ef0450219efb3afe00be79d8664b250ac0933b9015f"},
    {file = "debugpy-1.8.17-py2.py3-none-any.whl", hash = "sha256:60c7dca6571efe660ccb7a9508d73ca14b8796c4ed484c2002abba714226cfef"},
    {file = "debugpy-1.8.17.tar.gz", hash = "sha256:fd723b47a8c08892b1a16b2c6239a8b96637c62a59b94bb5dab4bac592a58a8e"},
]

[[package]]
name = "dill"
version = "0.3.8"
description = "serialize all of Python"
optional = false
python-versions = ">=3.8"
files = [
    {file = "dill-0.3.8-py3-none-any.whl", hash = "sha256:c36ca9ffb54365bdd2f8eb3eff7d2a21237f8452b57ace88b1ac615b7e815bd7"},
    {file = "dill-0.3.8.tar.gz", hash = "sha256:3ebe3c479ad625c4553aca177444d89b486b1d84982eeacded644afc0cf797ca"},
]

[package.extras]
graph = ["objgraph (>=1.7.2)"]
profile = ["gprof2dot (>=2022.7.29)"]

[[package]]
name = "grpcio"
version = "1.75.0"
description = "HTTP/2-based RPC framework"
optional = false
python-versions = ">=3.9"
files = [
    {file = "grpcio-1.75.0-cp310-cp310-linux_armv7l.whl", hash = "sha256:1ec9cbaec18d9597c718b1ed452e61748ac0b36ba350d558f9ded1a94cc15ec7"},
    {file = "grpcio-1.75.0-cp310-cp310-macosx_11_0_universal2.whl", hash = "sha256:7ee5ee42bfae8238b66a275f9ebcf6f295724375f2fa6f3b52188008b6380faf"},
    {file = "grpcio-1.75.0-cp310-cp310-manylinux2014_aarch64.manylinux_2_17_aarch64.whl", hash = "sha256:9146e40378f551eed66c887332afc807fcce593c43c698e21266a4227d4e20d2"},
    {file = "grpcio-1.75.0-cp310-cp310-manylinux2014_i686.manylinux_2_17_i686.whl", hash = "sha256:0c40f368541945bb664857ecd7400acb901053a1abbcf9f7896361b2cfa66798"},
    {file = "grpcio-1.75.0-cp310-cp310-manylinux2014_x86_64.manylinux_2_17_x86_64.whl", hash = "sha256:50a6e43a9adc6938e2a16c9d9f8a2da9dd557ddd9284b73b07bd03d0e098d1e9"},
    {file = "grpcio-1.75.0-cp310-cp310-musllinux_1_2_aarch64.whl", hash = "sha256:dce15597ca11913b78e1203c042d5723e3ea7f59e7095a1abd0621be0e05b895"},
    {file = "grpcio-1.75.0-cp310-cp310-musllinux_1_2_i686.whl", hash = "sha256:851194eec47755101962da423f575ea223c9dd7f487828fe5693920e8745227e"},
    {file = "grpcio-1.75.0-cp310-cp310-musllinux_1_2_x86_64.whl", hash = "sha256:ca123db0813eef80625a4242a0c37563cb30a3edddebe5ee65373854cf187215"},
    {file = "grpcio-1.75.0-cp310-cp310-win32.whl", hash = "sha256:222b0851e20c04900c63f60153503e918b08a5a0fad8198401c0b1be13c6815b"},
    {file = "grpcio-1.75.0-cp310-cp310-win_amd64.whl", hash = "sha256:bb58e38a50baed9b21492c4b3f3263462e4e37270b7ea152fc10124b4bd1c318"},
    {file = "grpcio-1.75.0-cp311-cp311-linux_armv7l.whl", hash = "sha256:7f89d6d0cd43170a80ebb4605cad54c7d462d21dc054f47688912e8bf08164af"},
    {file = "grpcio-1.75.0-cp311-cp311-macosx_11_0_universal2.whl", hash = "sha256:cb6c5b075c2d092f81138646a755f0dad94e4622300ebef089f94e6308155d82"},
    {file = "grpcio-1.75.0-cp311-cp311-manylinux2014_aarch64.manylinux_2_17_aarch64.whl", hash = "sha256:494dcbade5606128cb9f530ce00331a90ecf5e7c5b243d373aebdb18e503c346"},
    {file = "grpcio-1.75.0-cp311-cp311-manylinux2014_i686.manylinux_2_17_i686.whl", hash = "sha256:050760fd29c8508844a720f06c5827bb00de8f5e02f58587eb21a4444ad706e5"},
    {file = "grpcio-1.75.0-cp311-cp311-manylinux2014_x86_64.manylinux_2_17_x86_64.whl", hash = "sha256:266fa6209b68a537b2728bb2552f970e7e78c77fe43c6e9cbbe1f476e9e5c35f"},
    {file = "grpcio-1.75.0-cp311-cp311-musllinux_1_2_aarch64.whl", hash = "sha256:06d22e1d8645e37bc110f4c589cb22c283fd3de76523065f821d6e81de33f5d4"},
    {file = "grpcio-1.75.0-cp311-cp311-musllinux_1_2_i686.whl", hash = "sha256:9880c323595d851292785966cadb6c708100b34b163cab114e3933f5773cba2d"},
    {file = "grpcio-1.75.0-cp311-cp311-musllinux_1_2_x86_64.whl", hash = "sha256:55a2d5ae79cd0f68783fb6ec95509be23746e3c239290b2ee69c69a38daa961a"},
    {file = "grpcio-1.75.0-cp311-cp311-win32.whl", hash = "sha256:352dbdf25495eef584c8de809db280582093bc3961d95a9d78f0dfb7274023a2"},
    {file = "grpcio-1.75.0-cp311-cp311-win_amd64.whl", hash = "sha256:678b649171f229fb16bda1a2473e820330aa3002500c4f9fd3a74b786578e90f"},
    {file = "grpcio-1.75.0-cp312-cp312-linux_armv7l.whl", hash = "sha256:fa35ccd9501ffdd82b861809cbfc4b5b13f4b4c5dc3434d2d9170b9ed38a9054"},
    {file = "grpcio-1.75.0-cp312-cp312-macosx_11_0_universal2.whl", hash = "sha256:0fcb77f2d718c1e58cc04ef6d3b51e0fa3b26cf926446e86c7eba105727b6cd4"},
    {file = "grpcio-1.75.0-cp312-cp312-manylinux2014_aarch64.manylinux_2_17_aarch64.whl", hash = "sha256:36764a4ad9dc1eb891042fab51e8cdf7cc014ad82cee807c10796fb708455041"},
    {file = "grpcio-1.75.0-cp312-cp312-manylinux2014_i686.manylinux_2_17_i686.whl", hash = "sha256:725e67c010f63ef17fc052b261004942763c0b18dcd84841e6578ddacf1f9d10"},
    {file = "grpcio-1.75.0-cp312-cp312-manylinux2014_x86_64.manylinux_2_17_x86_64.whl", hash = "sha256:91fbfc43f605c5ee015c9056d580a70dd35df78a7bad97e05426795ceacdb59f"},
    {file = "grpcio-1.75.0-cp312-cp312-musllinux_1_2_aarch64.whl", hash = "sha256:7a9337ac4ce61c388e02019d27fa837496c4b7837cbbcec71b05934337e51531"},
    {file = "grpcio-1.75.0-cp312-cp312-musllinux_1_2_i686.whl", hash = "sha256:ee16e232e3d0974750ab5f4da0ab92b59d6473872690b5e40dcec9a22927f22e"},
    {file = "grpcio-1.75.0-cp312-cp312-musllinux_1_2_x86_64.whl", hash = "sha256:55dfb9122973cc69520b23d39867726722cafb32e541435707dc10249a1bdbc6"},
    {file = "grpcio-1.75.0-cp312-cp312-win32.whl", hash = "sha256:fb64dd62face3d687a7b56cd881e2ea39417af80f75e8b36f0f81dfd93071651"},
    {file = "grpcio-1.75.0-cp312-cp312-win_amd64.whl", hash = "sha256:6b365f37a9c9543a9e91c6b4103d68d38d5bcb9965b11d5092b3c157bd6a5ee7"},
    {file = "grpcio-1.75.0-cp313-cp313-linux_armv7l.whl", hash = "sha256:1bb78d052948d8272c820bb928753f16a614bb2c42fbf56ad56636991b427518"},
    {file = "grpcio-1.75.0-cp313-cp313-macosx_11_0_universal2.whl", hash = "sha256:9dc4a02796394dd04de0b9673cb79a78901b90bb16bf99ed8cb528c61ed9372e"},
    {file = "grpcio-1.75.0-cp313-cp313-manylinux2014_aarch64.manylinux_2_17_aarch64.whl", hash = "sha256:437eeb16091d31498585d73b133b825dc80a8db43311e332c08facf820d36894"},
    {file = "grpcio-1.75.0-cp313-cp313-manylinux2014_i686.manylinux_2_17_i686.whl", hash = "sha256:c2c39984e846bd5da45c5f7bcea8fafbe47c98e1ff2b6f40e57921b0c23a52d0"},
    {file = "grpcio-1.75.0-cp313-cp313-manylinux2014_x86_64.manylinux_2_17_x86_64.whl", hash = "sha256:38d665f44b980acdbb2f0e1abf67605ba1899f4d2443908df9ec8a6f26d2ed88"},
    {file = "grpcio-1.75.0-cp313-cp313-musllinux_1_2_aarch64.whl", hash = "sha256:2e8e752ab5cc0a9c5b949808c000ca7586223be4f877b729f034b912364c3964"},
    {file = "grpcio-1.75.0-cp313-cp313-musllinux_1_2_i686.whl", hash = "sha256:3a6788b30aa8e6f207c417874effe3f79c2aa154e91e78e477c4825e8b431ce0"},
    {file = "grpcio-1.75.0-cp313-cp313-musllinux_1_2_x86_64.whl", hash = "sha256:ffc33e67cab6141c54e75d85acd5dec616c5095a957ff997b4330a6395aa9b51"},
    {file = "grpcio-1.75.0-cp313-cp313-win32.whl", hash = "sha256:c8cfc780b7a15e06253aae5f228e1e84c0d3c4daa90faf5bc26b751174da4bf9"},
    {file = "grpcio-1.75.0-cp313-cp313-win_amd64.whl", hash = "sha256:0c91d5b16eff3cbbe76b7a1eaaf3d91e7a954501e9d4f915554f87c470475c3d"},
    {file = "grpcio-1.75.0-cp39-cp39-linux_armv7l.whl", hash = "sha256:0b85f4ebe6b56d2a512201bb0e5f192c273850d349b0a74ac889ab5d38959d16"},
    {file = "grpcio-1.75.0-cp39-cp39-macosx_11_0_universal2.whl", hash = "sha256:68c95b1c1e3bf96ceadf98226e9dfe2bc92155ce352fa0ee32a1603040e61856"},
    {file = "grpcio-1.75.0-cp39-cp39-manylinux2014_aarch64.manylinux_2_17_aarch64.whl", hash = "sha256:153c5a7655022c3626ad70be3d4c2974cb0967f3670ee49ece8b45b7a139665f"},
    {file = "grpcio-1.75.0-cp39-cp39-manylinux2014_i686.manylinux_2_17_i686.whl", hash = "sha256:53067c590ac3638ad0c04272f2a5e7e32a99fec8824c31b73bc3ef93160511fa"},
    {file = "grpcio-1.75.0-cp39-cp39-manylinux2014_x86_64.manylinux_2_17_x86_64.whl", hash = "sha256:78dcc025a144319b66df6d088bd0eda69e1719eb6ac6127884a36188f336df19"},
    {file = "grpcio-1.75.0-cp39-cp39-musllinux_1_2_aarch64.whl", hash = "sha256:1ec2937fd92b5b4598cbe65f7e57d66039f82b9e2b7f7a5f9149374057dde77d"},
    {file = "grpcio-1.75.0-cp39-cp39-musllinux_1_2_i686.whl", hash = "sha256:597340a41ad4b619aaa5c9b94f7e6ba4067885386342ab0af039eda945c255cd"},
    {file = "grpcio-1.75.0-cp39-cp39-musllinux_1_2_x86_64.whl", hash = "sha256:0aa795198b28807d28570c0a5f07bb04d5facca7d3f27affa6ae247bbd7f312a"},
    {file = "grpcio-1.75.0-cp39-cp39-win32.whl", hash = "sha256:585147859ff4603798e92605db28f4a97c821c69908e7754c44771c27b239bbd"},
    {file = "grpcio-1.75.0-cp39-cp39-win_amd64.whl", hash = "sha256:eafbe3563f9cb378370a3fa87ef4870539cf158124721f3abee9f11cd8162460"},
    {file = "grpcio-1.75.0.tar.gz", hash = "sha256:b989e8b09489478c2d19fecc744a298930f40d8b27c3638afbfe84d22f36ce4e"},
]

[package.dependencies]
typing-extensions = ">=4.12,<5.0"

[package.extras]
protobuf = ["grpcio-tools (>=1.75.0)"]

[[package]]
name = "parver"
version = "0.5"
description = "Parse and manipulate version numbers."
optional = false
python-versions = ">=3.8"
files = [
    {file = "parver-0.5-py3-none-any.whl", hash = "sha256:2281b187276c8e8e3c15634f62287b2fb6fe0efe3010f739a6bd1e45fa2bf2b2"},
    {file = "parver-0.5.tar.gz", hash = "sha256:b9fde1e6bb9ce9f07e08e9c4bea8d8825c5e78e18a0052d02e02bf9517eb4777"},
]

[package.dependencies]
arpeggio = ">=1.7"
attrs = ">=19.2"

[package.extras]
docs = ["furo", "sphinx"]
docstest = ["doc8"]
pep8test = ["flake8", "pep8-naming"]
test = ["hypothesis", "pretend", "pytest"]

[[package]]
name = "pip"
version = "25.2"
description = "The PyPA recommended tool for installing Python packages."
optional = false
python-versions = ">=3.9"
files = [
    {file = "pip-25.2-py3-none-any.whl", hash = "sha256:6d67a2b4e7f14d8b31b8b52648866fa717f45a1eb70e83002f4331d07e953717"},
    {file = "pip-25.2.tar.gz", hash = "sha256:578283f006390f85bb6282dffb876454593d637f5d1be494b5202ce4877e71f2"},
]

[[package]]
name = "protobuf"
version = "5.29.5"
description = ""
optional = false
python-versions = ">=3.8"
files = [
    {file = "protobuf-5.29.5-cp310-abi3-win32.whl", hash = "sha256:3f1c6468a2cfd102ff4703976138844f78ebd1fb45f49011afc5139e9e283079"},
    {file = "protobuf-5.29.5-cp310-abi3-win_amd64.whl", hash = "sha256:3f76e3a3675b4a4d867b52e4a5f5b78a2ef9565549d4037e06cf7b0942b1d3fc"},
    {file = "protobuf-5.29.5-cp38-abi3-macosx_10_9_universal2.whl", hash = "sha256:e38c5add5a311f2a6eb0340716ef9b039c1dfa428b28f25a7838ac329204a671"},
    {file = "protobuf-5.29.5-cp38-abi3-manylinux2014_aarch64.whl", hash = "sha256:fa18533a299d7ab6c55a238bf8629311439995f2e7eca5caaff08663606e9015"},
    {file = "protobuf-5.29.5-cp38-abi3-manylinux2014_x86_64.whl", hash = "sha256:63848923da3325e1bf7e9003d680ce6e14b07e55d0473253a690c3a8b8fd6e61"},
    {file = "protobuf-5.29.5-cp38-cp38-win32.whl", hash = "sha256:ef91363ad4faba7b25d844ef1ada59ff1604184c0bcd8b39b8a6bef15e1af238"},
    {file = "protobuf-5.29.5-cp38-cp38-win_amd64.whl", hash = "sha256:7318608d56b6402d2ea7704ff1e1e4597bee46d760e7e4dd42a3d45e24b87f2e"},
    {file = "protobuf-5.29.5-cp39-cp39-win32.whl", hash = "sha256:6f642dc9a61782fa72b90878af134c5afe1917c89a568cd3476d758d3c3a0736"},
    {file = "protobuf-5.29.5-cp39-cp39-win_amd64.whl", hash = "sha256:470f3af547ef17847a28e1f47200a1cbf0ba3ff57b7de50d22776607cd2ea353"},
    {file = "protobuf-5.29.5-py3-none-any.whl", hash = "sha256:6cf42630262c59b2d8de33954443d94b746c952b01434fc58a417fdbd2e84bd5"},
    {file = "protobuf-5.29.5.tar.gz", hash = "sha256:bc1463bafd4b0929216c35f437a8e28731a2b7fe3d98bb77a600efced5a15c84"},
]

[[package]]
name = "pulumi"
version = "3.197.0"
description = "Pulumi's Python SDK"
optional = false
python-versions = ">=3.9"
files = [
    {file = "pulumi-3.197.0-py3-none-any.whl", hash = "sha256:aec244bfb0aba75698460d22bb5c1a2808ea01c6b7e80bbbc75b2bae9a51c9a9"},
]

[package.dependencies]
debugpy = ">=1.8.7,<1.9.0"
dill = ">=0.3,<1.0"
grpcio = ">=1.71,<2.0"
pip = ">=24.3.1,<26"
protobuf = ">=5.29.5,<5.30.0"
pyyaml = ">=6.0,<7.0"
semver = ">=3.0,<4.0"

[[package]]
name = "pulumi-oci"
version = "3.9.0"
description = "A Pulumi package for creating and managing Oracle Cloud Infrastructure resources."
optional = false
python-versions = ">=3.9"
files = [
    {file = "pulumi_oci-3.9.0-py3-none-any.whl", hash = "sha256:1a43d5cdb3edfaaa31be61c2f3a067a5a3bc6e76154a982b2c195816525293ae"},
    {file = "pulumi_oci-3.9.0.tar.gz", hash = "sha256:799b6f3752c5d7d519aa5983f1d6327bf568194e9003722d3014e81074dadef0"},
]

[package.dependencies]
parver = ">=0.2.1"
pulumi = ">=3.165.0,<4.0.0"
semver = ">=2.8.1"
typing-extensions = {version = ">=4.11,<5", markers = "python_version < \"3.11\""}

[[package]]
name = "pyyaml"
version = "6.0.2"
description = "YAML parser and emitter for Python"
optional = false
python-versions = ">=3.8"
files = [
    {file = "PyYAML-6.0.2-cp310-cp310-macosx_10_9_x86_64.whl", hash = "sha256:0a9a2848a5b7feac301353437eb7d5957887edbf81d56e903999a75a3d743086"},
    {file = "PyYAML-6.0.2-cp310-cp310-macosx_11_0_arm64.whl", hash = "sha256:29717114e51c84ddfba879543fb232a6ed60086602313ca38cce623c1d62cfbf"},
    {file = "PyYAML-6.0.2-cp310-cp310-manylinux_2_17_aarch64.manylinux2014_aarch64.whl", hash = "sha256:8824b5a04a04a047e72eea5cec3bc266db09e35de6bdfe34c9436ac5ee27d237"},
    {file = "PyYAML-6.0.2-cp310-cp310-manylinux_2_17_s390x.manylinux2014_s390x.whl", hash = "sha256:7c36280e6fb8385e520936c3cb3b8042851904eba0e58d277dca80a5cfed590b"},
    {file = "PyYAML-6.0.2-cp310-cp310-manylinux_2_17_x86_64.manylinux2014_x86_64.whl", hash = "sha256:ec031d5d2feb36d1d1a24380e4db6d43695f3748343d99434e6f5f9156aaa2ed"},
    {file = "PyYAML-6.0.2-cp310-cp310-musllinux_1_1_aarch64.whl", hash = "sha256:936d68689298c36b53b29f23c6dbb74de12b4ac12ca6cfe0e047bedceea56180"},
    {file = "PyYAML-6.0.2-cp310-cp310-musllinux_1_1_x86_64.whl", hash = "sha256:23502f431948090f597378482b4812b0caae32c22213aecf3b55325e049a6c68"},
    {file = "PyYAML-6.0.2-cp310-cp310-win32.whl", hash = "sha256:2e99c6826ffa974fe6e27cdb5ed0021786b03fc98e5ee3c5bfe1fd5015f42b99"},
    {file = "PyYAML-6.0.2-cp310-cp310-win_amd64.whl", hash = "sha256:a4d3091415f010369ae4ed1fc6b79def9416358877534caf6a0fdd2146c87a3e"},
    {file = "PyYAML-6.0.2-cp311-cp311-macosx_10_9_x86_64.whl", hash = "sha256:cc1c1159b3d456576af7a3e4d1ba7e6924cb39de8f67111c735f6fc832082774"},
    {file = "PyYAML-6.0.2-cp311-cp311-macosx_11_0_arm64.whl", hash = "sha256:1e2120ef853f59c7419231f3bf4e7021f1b936f6ebd222406c3b60212205d2ee"},
    {file = "PyYAML-6.0.2-cp311-cp311-manylinux_2_17_aarch64.manylinux2014_aarch64.whl", hash = "sha256:5d225db5a45f21e78dd9358e58a98702a0302f2659a3c6cd320564b75b86f47c"},
    {file = "PyYAML-6.0.2-cp311-cp311-manylinux_2_17_s390x.manylinux2014_s390x.whl", hash = "sha256:5ac9328ec4831237bec75defaf839f7d4564be1e6b25ac710bd1a96321cc8317"},
    {file = "PyYAML-6.0.2-cp311-cp311-manylinux_2_17_x86_64.manylinux2014_x86_64.whl", hash = "sha256:3ad2a3decf9aaba3d29c8f537ac4b243e36bef957511b4766cb0057d32b0be85"},
    {file = "PyYAML-6.0.2-cp311-cp311-musllinux_1_1_aarch64.whl", hash = "sha256:ff3824dc5261f50c9b0dfb3be22b4567a6f938ccce4587b38952d85fd9e9afe4"},
    {file = "PyYAML-6.0.2-cp311-cp311-musllinux_1_1_x86_64.whl", hash = "sha256:797b4f722ffa07cc8d62053e4cff1486fa6dc094105d13fea7b1de7d8bf71c9e"},
    {file = "PyYAML-6.0.2-cp311-cp311-win32.whl", hash = "sha256:11d8f3dd2b9c1207dcaf2ee0bbbfd5991f571186ec9cc78427ba5bd32afae4b5"},
    {file = "PyYAML-6.0.2-cp311-cp311-win_amd64.whl", hash = "sha256:e10ce637b18caea04431ce14fabcf5c64a1c61ec9c56b071a4b7ca131ca52d44"},
    {file = "PyYAML-6.0.2-cp312-cp312-macosx_10_9_x86_64.whl", hash = "sha256:c70c95198c015b85feafc136515252a261a84561b7b1d51e3384e0655ddf25ab"},
    {file = "PyYAML-6.0.2-cp312-cp312-macosx_11_0_arm64.whl", hash = "sha256:ce826d6ef20b1bc864f0a68340c8b3287705cae2f8b4b1d932177dcc76721725"},
    {file = "PyYAML-6.0.2-cp312-cp312-manylinux_2_17_aarch64.manylinux2014_aarch64.whl", hash = "sha256:1f71ea527786de97d1a0cc0eacd1defc0985dcf6b3f17bb77dcfc8c34bec4dc5"},
    {file = "PyYAML-6.0.2-cp312-cp312-manylinux_2_17_s390x.manylinux2014_s390x.whl", hash = "sha256:9b22676e8097e9e22e36d6b7bda33190d0d400f345f23d4065d48f4ca7ae0425"},
    {file = "PyYAML-6.0.2-cp312-cp312-manylinux_2_17_x86_64.manylinux2014_x86_64.whl", hash = "sha256:80bab7bfc629882493af4aa31a4cfa43a4c57c83813253626916b8c7ada83476"},
    {file = "PyYAML-6.0.2-cp312-cp312-musllinux_1_1_aarch64.whl", hash = "sha256:0833f8694549e586547b576dcfaba4a6b55b9e96098b36cdc7ebefe667dfed48"},
    {file = "PyYAML-6.0.2-cp312-cp312-musllinux_1_1_x86_64.whl", hash = "sha256:8b9c7197f7cb2738065c481a0461e50ad02f18c78cd75775628afb4d7137fb3b"},
    {file = "PyYAML-6.0.2-cp312-cp312-win32.whl", hash = "sha256:ef6107725bd54b262d6dedcc2af448a266975032bc85ef0172c5f059da6325b4"},
    {file = "PyYAML-6.0.2-cp312-cp312-win_amd64.whl", hash = "sha256:7e7401d0de89a9a855c839bc697c079a4af81cf878373abd7dc625847d25cbd8"},
    {file = "PyYAML-6.0.2-cp313-cp313-macosx_10_13_x86_64.whl", hash = "sha256:efdca5630322a10774e8e98e1af481aad470dd62c3170801852d752aa7a783ba"},
    {file = "PyYAML-6.0.2-cp313-cp313-macosx_11_0_arm64.whl", hash = "sha256:50187695423ffe49e2deacb8cd10510bc361faac997de9efef88badc3bb9e2d1"},
    {file = "PyYAML-6.0.2-cp313-cp313-manylinux_2_17_aarch64.manylinux2014_aarch64.whl", hash = "sha256:0ffe8360bab4910ef1b9e87fb812d8bc0a308b0d0eef8c8f44e0254ab3b07133"},
    {file = "PyYAML-6.0.2-cp313-cp313-manylinux_2_17_s390x.manylinux2014_s390x.whl", hash = "sha256:17e311b6c678207928d649faa7cb0d7b4c26a0ba73d41e99c4fff6b6c3276484"},
    {file = "PyYAML-6.0.2-cp313-cp313-manylinux_2_17_x86_64.manylinux2014_x86_64.whl", hash = "sha256:70b189594dbe54f75ab3a1acec5f1e3faa7e8cf2f1e08d9b561cb41b845f69d5"},
    {file = "PyYAML-6.0.2-cp313-cp313-musllinux_1_1_aarch64.whl", hash = "sha256:41e4e3953a79407c794916fa277a82531dd93aad34e29c2a514c2c0c5fe971cc"},
    {file = "PyYAML-6.0.2-cp313-cp313-musllinux_1_1_x86_64.whl", hash = "sha256:68ccc6023a3400877818152ad9a1033e3db8625d899c72eacb5a668902e4d652"},
    {file = "PyYAML-6.0.2-cp313-cp313-win32.whl", hash = "sha256:bc2fa7c6b47d6bc618dd7fb02ef6fdedb1090ec036abab80d4681424b84c1183"},
    {file = "PyYAML-6.0.2-cp313-cp313-win_amd64.whl", hash = "sha256:8388ee1976c416731879ac16da0aff3f63b286ffdd57cdeb95f3f2e085687563"},
    {file = "PyYAML-6.0.2-cp38-cp38-macosx_10_9_x86_64.whl", hash = "sha256:24471b829b3bf607e04e88d79542a9d48bb037c2267d7927a874e6c205ca7e9a"},
    {file = "PyYAML-6.0.2-cp38-cp38-manylinux_2_17_aarch64.manylinux2014_aarch64.whl", hash = "sha256:d7fded462629cfa4b685c5416b949ebad6cec74af5e2d42905d41e257e0869f5"},
    {file = "PyYAML-6.0.2-cp38-cp38-manylinux_2_17_s390x.manylinux2014_s390x.whl", hash = "sha256:d84a1718ee396f54f3a086ea0a66d8e552b2ab2017ef8b420e92edbc841c352d"},
    {file = "PyYAML-6.0.2-cp38-cp38-manylinux_2_17_x86_64.manylinux2014_x86_64.whl", hash = "sha256:9056c1ecd25795207ad294bcf39f2db3d845767be0ea6e6a34d856f006006083"},
    {file = "PyYAML-6.0.2-cp38-cp38-musllinux_1_1_x86_64.whl", hash = "sha256:82d09873e40955485746739bcb8b4586983670466c23382c19cffecbf1fd8706"},
    {file = "PyYAML-6.0.2-cp38-cp38-win32.whl", hash = "sha256:43fa96a3ca0d6b1812e01ced1044a003533c47f6ee8aca31724f78e93ccc089a"},
    {file = "PyYAML-6.0.2-cp38-cp38-win_amd64.whl", hash = "sha256:01179a4a8559ab5de078078f37e5c1a30d76bb88519906844fd7bdea1b7729ff"},
    {file = "PyYAML-6.0.2-cp39-cp39-macosx_10_9_x86_64.whl", hash = "sha256:688ba32a1cffef67fd2e9398a2efebaea461578b0923624778664cc1c914db5d"},
    {file = "PyYAML-6.0.2-cp39-cp39-macosx_11_0_arm64.whl", hash = "sha256:a8786accb172bd8afb8be14490a16625cbc387036876ab6ba70912730faf8e1f"},
    {file = "PyYAML-6.0.2-cp39-cp39-manylinux_2_17_aarch64.manylinux2014_aarch64.whl", hash = "sha256:d8e03406cac8513435335dbab54c0d385e4a49e4945d2909a581c83647ca0290"},
    {file = "PyYAML-6.0.2-cp39-cp39-manylinux_2_17_s390x.manylinux2014_s390x.whl", hash = "sha256:f753120cb8181e736c57ef7636e83f31b9c0d1722c516f7e86cf15b7aa57ff12"},
    {file = "PyYAML-6.0.2-cp39-cp39-manylinux_2_17_x86_64.manylinux2014_x86_64.whl", hash = "sha256:3b1fdb9dc17f5a7677423d508ab4f243a726dea51fa5e70992e59a7411c89d19"},
    {file = "PyYAML-6.0.2-cp39-cp39-musllinux_1_1_aarch64.whl", hash = "sha256:0b69e4ce7a131fe56b7e4d770c67429700908fc0752af059838b1cfb41960e4e"},
    {file = "PyYAML-6.0.2-cp39-cp39-musllinux_1_1_x86_64.whl", hash = "sha256:a9f8c2e67970f13b16084e04f134610fd1d374bf477b17ec1599185cf611d725"},
    {file = "PyYAML-6.0.2-cp39-cp39-win32.whl", hash = "sha256:6395c297d42274772abc367baaa79683958044e5d3835486c16da75d2a694631"},
    {file = "PyYAML-6.0.2-cp39-cp39-win_amd64.whl", hash = "sha256:39693e1f8320ae4f43943590b49779ffb98acb81f788220ea932a6b6c51004d8"},
    {file = "pyyaml-6.0.2.tar.gz", hash = "sha256:d584d9ec91ad65861cc08d42e834324ef890a082e591037abe114850ff7bbc3e"},
]

[[package]]
name = "semver"
version = "3.0.4"
description = "Python helper for Semantic Versioning (https://semver.org)"
optional = false
python-versions = ">=3.7"
files = [
    {file = "semver-3.0.4-py3-none-any.whl", hash = "sha256:9c824d87ba7f7ab4a1890799cec8596f15c1241cb473404ea1cb0c55e4b04746"},
    {file = "semver-3.0.4.tar.gz", hash = "sha256:afc7d8c584a5ed0a11033af086e8af226a9c0b206f313e0301f8dd7b6b589602"},
]

[[package]]
name = "typing-extensions"
version = "4.15.0"
description = "Backported and Experimental Type Hints for Python 3.9+"
optional = false
python-versions = ">=3.9"
files = [
    {file = "typing_extensions-4.15.0-py3-none-any.whl", hash = "sha256:f0fa19c6845758ab08074a0cfa8b7aecb71c999ca73d62883bc25cc018c4e548"},
    {file = "typing_extensions-4.15.0.tar.gz", hash = "sha256:0cea48d173cc12fa28ecabc3b837ea3cf6f38c6d1136f85cbaaf598984861466"},
]

[metadata]
lock-version = "2.0"
python-versions = "^3.10"
content-hash = "0f6c63821d16cf2888d360d98e9329e758939166d241d840783cec8cd8c3f067"
